
Microsoft Visual Studio Solution File, Format Version 12.00
# Visual Studio 15
VisualStudioVersion = 15.0.27130.0
MinimumVisualStudioVersion = 10.0.40219.1
Project("{FAE04EC0-301F-11D3-BF4B-00C04F79EFBC}") = "LUISAPI-WPF-Sample", "Sample\LUISAPI-WPF-Sample.csproj", "{F04E2A65-FDC9-45D0-A85E-C243D3D6ACD1}"
EndProject
Project("{FAE04EC0-301F-11D3-BF4B-00C04F79EFBC}") = "SampleUserControlLibrary", "..\Cognitive-Common-Windows\SampleUserControlLibrary.csproj", "{735929F0-F8F1-4D93-B027-5D034FA7892B}"
EndProject
Project("{FAE04EC0-301F-11D3-BF4B-00C04F79EFBC}") = "VQA.GUI", "..\VQA.GUI\VQA.GUI.csproj", "{02D45625-0383-4480-B4BC-05DDE4F3825D}"
EndProject
Project("{2150E333-8FDC-42A3-9474-1A3956D46DE8}") = "Logics", "Logics", "{4C45A6CE-D3CE-4D6B-8C04-B2D46C57065B}"
EndProject
Project("{9A19103F-16F7-4668-BE54-9A1E7A4F7556}") = "VQA.Logic", "VQA.Logic\VQA.Logic.csproj", "{B03F76CB-581F-4A20-8D60-5A25ED188201}"
EndProject
Project("{888888A0-9F3D-457C-B088-3A5042F75D52}") = "VQA.Python", "VQA.Python\VQA.Python.pyproj", "{F8CC0E7B-D2E3-4551-BF5A-5D869C7D4776}"
EndProject
Project("{FAE04EC0-301F-11D3-BF4B-00C04F79EFBC}") = "Utils", "Utils\Utils.csproj", "{5E422202-5213-44C2-AF0C-6B9D20754B00}"
EndProject
Global
	GlobalSection(SolutionConfigurationPlatforms) = preSolution
		Debug|Any CPU = Debug|Any CPU
		Release|Any CPU = Release|Any CPU
	EndGlobalSection
	GlobalSection(ProjectConfigurationPlatforms) = postSolution
		{F04E2A65-FDC9-45D0-A85E-C243D3D6ACD1}.Debug|Any CPU.ActiveCfg = Debug|Any CPU
		{F04E2A65-FDC9-45D0-A85E-C243D3D6ACD1}.Debug|Any CPU.Build.0 = Debug|Any CPU
		{F04E2A65-FDC9-45D0-A85E-C243D3D6ACD1}.Release|Any CPU.ActiveCfg = Release|Any CPU
		{F04E2A65-FDC9-45D0-A85E-C243D3D6ACD1}.Release|Any CPU.Build.0 = Release|Any CPU
		{735929F0-F8F1-4D93-B027-5D034FA7892B}.Debug|Any CPU.ActiveCfg = Debug|Any CPU
		{735929F0-F8F1-4D93-B027-5D034FA7892B}.Debug|Any CPU.Build.0 = Debug|Any CPU
		{735929F0-F8F1-4D93-B027-5D034FA7892B}.Release|Any CPU.ActiveCfg = Release|Any CPU
		{735929F0-F8F1-4D93-B027-5D034FA7892B}.Release|Any CPU.Build.0 = Release|Any CPU
		{02D45625-0383-4480-B4BC-05DDE4F3825D}.Debug|Any CPU.ActiveCfg = Debug|Any CPU
		{02D45625-0383-4480-B4BC-05DDE4F3825D}.Debug|Any CPU.Build.0 = Debug|Any CPU
		{02D45625-0383-4480-B4BC-05DDE4F3825D}.Release|Any CPU.ActiveCfg = Release|Any CPU
		{02D45625-0383-4480-B4BC-05DDE4F3825D}.Release|Any CPU.Build.0 = Release|Any CPU
		{B03F76CB-581F-4A20-8D60-5A25ED188201}.Debug|Any CPU.ActiveCfg = Debug|Any CPU
		{B03F76CB-581F-4A20-8D60-5A25ED188201}.Debug|Any CPU.Build.0 = Debug|Any CPU
		{B03F76CB-581F-4A20-8D60-5A25ED188201}.Release|Any CPU.ActiveCfg = Release|Any CPU
		{B03F76CB-581F-4A20-8D60-5A25ED188201}.Release|Any CPU.Build.0 = Release|Any CPU
		{F8CC0E7B-D2E3-4551-BF5A-5D869C7D4776}.Debug|Any CPU.ActiveCfg = Debug|Any CPU
		{F8CC0E7B-D2E3-4551-BF5A-5D869C7D4776}.Release|Any CPU.ActiveCfg = Release|Any CPU
		{5E422202-5213-44C2-AF0C-6B9D20754B00}.Debug|Any CPU.ActiveCfg = Debug|Any CPU
		{5E422202-5213-44C2-AF0C-6B9D20754B00}.Debug|Any CPU.Build.0 = Debug|Any CPU
		{5E422202-5213-44C2-AF0C-6B9D20754B00}.Release|Any CPU.ActiveCfg = Release|Any CPU
		{5E422202-5213-44C2-AF0C-6B9D20754B00}.Release|Any CPU.Build.0 = Release|Any CPU
	EndGlobalSection
	GlobalSection(SolutionProperties) = preSolution
		HideSolutionNode = FALSE
	EndGlobalSection
	GlobalSection(NestedProjects) = preSolution
		{B03F76CB-581F-4A20-8D60-5A25ED188201} = {4C45A6CE-D3CE-4D6B-8C04-B2D46C57065B}
		{F8CC0E7B-D2E3-4551-BF5A-5D869C7D4776} = {4C45A6CE-D3CE-4D6B-8C04-B2D46C57065B}
	EndGlobalSection
	GlobalSection(ExtensibilityGlobals) = postSolution
		SolutionGuid = {27AD40C5-F476-4BB5-95DA-023B91CDD15F}
	EndGlobalSection
EndGlobal
